
Microsoft Visual Studio Solution File, Format Version 12.00
# Visual Studio Version 16
VisualStudioVersion = 16.0.32228.343
MinimumVisualStudioVersion = 10.0.40219.1
Project("{FAE04EC0-301F-11D3-BF4B-00C04F79EFBC}") = "decimalConverter", "decimalConverter.csproj", "{AB5A9F6F-FBB0-4596-9526-27910C5C0CAE}"
EndProject
Global
	GlobalSection(SolutionConfigurationPlatforms) = preSolution
		Debug|Any CPU = Debug|Any CPU
		Release|Any CPU = Release|Any CPU
	EndGlobalSection
	GlobalSection(ProjectConfigurationPlatforms) = postSolution
		{AB5A9F6F-FBB0-4596-9526-27910C5C0CAE}.Debug|Any CPU.ActiveCfg = Debug|Any CPU
		{AB5A9F6F-FBB0-4596-9526-27910C5C0CAE}.Debug|Any CPU.Build.0 = Debug|Any CPU
		{AB5A9F6F-FBB0-4596-9526-27910C5C0CAE}.Release|Any CPU.ActiveCfg = Release|Any CPU
		{AB5A9F6F-FBB0-4596-9526-27910C5C0CAE}.Release|Any CPU.Build.0 = Release|Any CPU
	EndGlobalSection
	GlobalSection(SolutionProperties) = preSolution
		HideSolutionNode = FALSE
	EndGlobalSection
	GlobalSection(ExtensibilityGlobals) = postSolution
		SolutionGuid = {69534E37-385D-48D6-96C9-C4C8EFC2E0F0}
	EndGlobalSection
EndGlobal
